
Microsoft Visual Studio Solution File, Format Version 12.00
# Visual Studio Version 17
VisualStudioVersion = 17.1.32210.238
MinimumVisualStudioVersion = 10.0.40219.1
Project("{FAE04EC0-301F-11D3-BF4B-00C04F79EFBC}") = "HR_Admin_Desktop", "HR_Admin_Desktop\HR_Admin_Desktop.csproj", "{BE6246C4-BF59-44B5-A151-2C5D6201C7E5}"
EndProject
Global
	GlobalSection(SolutionConfigurationPlatforms) = preSolution
		Debug|Any CPU = Debug|Any CPU
		Release|Any CPU = Release|Any CPU
	EndGlobalSection
	GlobalSection(ProjectConfigurationPlatforms) = postSolution
		{BE6246C4-BF59-44B5-A151-2C5D6201C7E5}.Debug|Any CPU.ActiveCfg = Debug|Any CPU
		{BE6246C4-BF59-44B5-A151-2C5D6201C7E5}.Debug|Any CPU.Build.0 = Debug|Any CPU
		{BE6246C4-BF59-44B5-A151-2C5D6201C7E5}.Release|Any CPU.ActiveCfg = Release|Any CPU
		{BE6246C4-BF59-44B5-A151-2C5D6201C7E5}.Release|Any CPU.Build.0 = Release|Any CPU
	EndGlobalSection
	GlobalSection(SolutionProperties) = preSolution
		HideSolutionNode = FALSE
	EndGlobalSection
	GlobalSection(ExtensibilityGlobals) = postSolution
		SolutionGuid = {D9E1F76E-B2A8-457E-ABC3-20DB1197F9A4}
	EndGlobalSection
EndGlobal
